
Microsoft Visual Studio Solution File, Format Version 12.00
Project("{FAE04EC0-301F-11D3-BF4B-00C04F79EFBC}") = "MinimalRepro.Trigger.In.Nested.Namespaces", "MinimalRepro.Trigger.In.Nested.Namespaces\MinimalRepro.Trigger.In.Nested.Namespaces.csproj", "{166A1104-9F1F-4047-BE51-0A0E1A45D64D}"
EndProject
Global
	GlobalSection(SolutionConfigurationPlatforms) = preSolution
		Debug|Any CPU = Debug|Any CPU
		Release|Any CPU = Release|Any CPU
	EndGlobalSection
	GlobalSection(ProjectConfigurationPlatforms) = postSolution
		{166A1104-9F1F-4047-BE51-0A0E1A45D64D}.Debug|Any CPU.ActiveCfg = Debug|Any CPU
		{166A1104-9F1F-4047-BE51-0A0E1A45D64D}.Debug|Any CPU.Build.0 = Debug|Any CPU
		{166A1104-9F1F-4047-BE51-0A0E1A45D64D}.Release|Any CPU.ActiveCfg = Release|Any CPU
		{166A1104-9F1F-4047-BE51-0A0E1A45D64D}.Release|Any CPU.Build.0 = Release|Any CPU
	EndGlobalSection
EndGlobal
